
Microsoft Visual Studio Solution File, Format Version 12.00
# Visual Studio Version 16
VisualStudioVersion = 16.0.31112.23
MinimumVisualStudioVersion = 10.0.40219.1
Project("{9A19103F-16F7-4668-BE54-9A1E7A4F7556}") = "Kolohe", "Kolohe\Kolohe.csproj", "{1D2FE33F-468E-46C2-8F7B-46BF76A59B05}"
EndProject
Project("{FAE04EC0-301F-11D3-BF4B-00C04F79EFBC}") = "KoloheCLI", "KoloheConsole\KoloheCLI.csproj", "{12748665-0A9C-41DE-AFE6-BB0C8427B4D8}"
EndProject
Global
	GlobalSection(SolutionConfigurationPlatforms) = preSolution
		Debug|Any CPU = Debug|Any CPU
		Release|Any CPU = Release|Any CPU
	EndGlobalSection
	GlobalSection(ProjectConfigurationPlatforms) = postSolution
		{1D2FE33F-468E-46C2-8F7B-46BF76A59B05}.Debug|Any CPU.ActiveCfg = Debug|Any CPU
		{1D2FE33F-468E-46C2-8F7B-46BF76A59B05}.Debug|Any CPU.Build.0 = Debug|Any CPU
		{1D2FE33F-468E-46C2-8F7B-46BF76A59B05}.Release|Any CPU.ActiveCfg = Release|Any CPU
		{1D2FE33F-468E-46C2-8F7B-46BF76A59B05}.Release|Any CPU.Build.0 = Release|Any CPU
		{12748665-0A9C-41DE-AFE6-BB0C8427B4D8}.Debug|Any CPU.ActiveCfg = Debug|Any CPU
		{12748665-0A9C-41DE-AFE6-BB0C8427B4D8}.Debug|Any CPU.Build.0 = Debug|Any CPU
		{12748665-0A9C-41DE-AFE6-BB0C8427B4D8}.Release|Any CPU.ActiveCfg = Release|Any CPU
		{12748665-0A9C-41DE-AFE6-BB0C8427B4D8}.Release|Any CPU.Build.0 = Release|Any CPU
	EndGlobalSection
	GlobalSection(SolutionProperties) = preSolution
		HideSolutionNode = FALSE
	EndGlobalSection
	GlobalSection(ExtensibilityGlobals) = postSolution
		SolutionGuid = {3396C6C2-E068-4FBE-A12B-738BFD95A6F3}
	EndGlobalSection
EndGlobal
